// !$*UTF8*$!
{
	archiveVersion = 1;
	classes = {
	};
	objectVersion = 48;
	objects = {

/* Begin PBXBuildFile section */
		E50ABFB9224C050900F12911 /* Explosion.m in Sources */ = {isa = PBXBuildFile; fileRef = E50ABFB8224C050900F12911 /* Explosion.m */; };
		E50ABFBC224C35F600F12911 /* HealthBar.m in Sources */ = {isa = PBXBuildFile; fileRef = E50ABFBB224C35F600F12911 /* HealthBar.m */; };
		E561D17822495BA700D53055 /* Background.m in Sources */ = {isa = PBXBuildFile; fileRef = E561D17722495BA700D53055 /* Background.m */; };
		E561D17A224961B900D53055 /* Wall.m in Sources */ = {isa = PBXBuildFile; fileRef = E561D179224961B900D53055 /* Wall.m */; };
		E561D18022496C6300D53055 /* Player.m in Sources */ = {isa = PBXBuildFile; fileRef = E561D17F22496C6300D53055 /* Player.m */; };
		E561D183224977FD00D53055 /* PlayerControls.m in Sources */ = {isa = PBXBuildFile; fileRef = E561D182224977FD00D53055 /* PlayerControls.m */; };
		E5AC43A1220B2D3400A800CE /* AppDelegate.m in Sources */ = {isa = PBXBuildFile; fileRef = E5AC43A0220B2D3400A800CE /* AppDelegate.m */; };
		E5AC43A3220B2D3400A800CE /* GameScene.sks in Resources */ = {isa = PBXBuildFile; fileRef = E5AC43A2220B2D3400A800CE /* GameScene.sks */; };
		E5AC43A5220B2D3400A800CE /* Actions.sks in Resources */ = {isa = PBXBuildFile; fileRef = E5AC43A4220B2D3400A800CE /* Actions.sks */; };
		E5AC43A8220B2D3400A800CE /* GameScene.m in Sources */ = {isa = PBXBuildFile; fileRef = E5AC43A7220B2D3400A800CE /* GameScene.m */; };
		E5AC43AB220B2D3400A800CE /* GameViewController.m in Sources */ = {isa = PBXBuildFile; fileRef = E5AC43AA220B2D3400A800CE /* GameViewController.m */; };
		E5AC43AE220B2D3400A800CE /* Main.storyboard in Resources */ = {isa = PBXBuildFile; fileRef = E5AC43AC220B2D3400A800CE /* Main.storyboard */; };
		E5AC43B0220B2D3400A800CE /* Assets.xcassets in Resources */ = {isa = PBXBuildFile; fileRef = E5AC43AF220B2D3400A800CE /* Assets.xcassets */; };
		E5AC43B3220B2D3400A800CE /* LaunchScreen.storyboard in Resources */ = {isa = PBXBuildFile; fileRef = E5AC43B1220B2D3400A800CE /* LaunchScreen.storyboard */; };
		E5AC43B6220B2D3400A800CE /* main.m in Sources */ = {isa = PBXBuildFile; fileRef = E5AC43B5220B2D3400A800CE /* main.m */; };
		E5AC43C0220B2D3500A800CE /* Billy_Baller_s_BrawlersTests.m in Sources */ = {isa = PBXBuildFile; fileRef = E5AC43BF220B2D3500A800CE /* Billy_Baller_s_BrawlersTests.m */; };
		E5AC43CB220B2D3500A800CE /* Billy_Baller_s_BrawlersUITests.m in Sources */ = {isa = PBXBuildFile; fileRef = E5AC43CA220B2D3500A800CE /* Billy_Baller_s_BrawlersUITests.m */; };
		E5F26A072253317100CFE53C /* GameServicer.m in Sources */ = {isa = PBXBuildFile; fileRef = E5F26A062253317100CFE53C /* GameServicer.m */; };
		E5F92150224B0A1E00667955 /* Bullet.m in Sources */ = {isa = PBXBuildFile; fileRef = E5F9214F224B0A1E00667955 /* Bullet.m */; };
		E5F92153224B1B9400667955 /* Grenade.m in Sources */ = {isa = PBXBuildFile; fileRef = E5F92152224B1B9400667955 /* Grenade.m */; };
/* End PBXBuildFile section */

/* Begin PBXContainerItemProxy section */
		E5AC43BC220B2D3500A800CE /* PBXContainerItemProxy */ = {
			isa = PBXContainerItemProxy;
			containerPortal = E5AC4394220B2D3400A800CE /* Project object */;
			proxyType = 1;
			remoteGlobalIDString = E5AC439B220B2D3400A800CE;
			remoteInfo = "Billy Baller's Brawlers";
		};
		E5AC43C7220B2D3500A800CE /* PBXContainerItemProxy */ = {
			isa = PBXContainerItemProxy;
			containerPortal = E5AC4394220B2D3400A800CE /* Project object */;
			proxyType = 1;
			remoteGlobalIDString = E5AC439B220B2D3400A800CE;
			remoteInfo = "Billy Baller's Brawlers";
		};
/* End PBXContainerItemProxy section */

/* Begin PBXFileReference section */
		E50ABFB7224C048900F12911 /* Explosion.h */ = {isa = PBXFileReference; lastKnownFileType = sourcecode.c.h; path = Explosion.h; sourceTree = "<group>"; };
		E50ABFB8224C050900F12911 /* Explosion.m */ = {isa = PBXFileReference; lastKnownFileType = sourcecode.c.objc; path = Explosion.m; sourceTree = "<group>"; };
		E50ABFBA224C358300F12911 /* HealthBar.h */ = {isa = PBXFileReference; lastKnownFileType = sourcecode.c.h; path = HealthBar.h; sourceTree = "<group>"; };
		E50ABFBB224C35F600F12911 /* HealthBar.m */ = {isa = PBXFileReference; lastKnownFileType = sourcecode.c.objc; path = HealthBar.m; sourceTree = "<group>"; };
		E52B74F1224EB7C500630F75 /* CategoryDefinitions.h */ = {isa = PBXFileReference; lastKnownFileType = sourcecode.c.h; path = CategoryDefinitions.h; sourceTree = "<group>"; };
		E561D17622495B9C00D53055 /* Background.h */ = {isa = PBXFileReference; lastKnownFileType = sourcecode.c.h; path = Background.h; sourceTree = "<group>"; };
		E561D17722495BA700D53055 /* Background.m */ = {isa = PBXFileReference; lastKnownFileType = sourcecode.c.objc; path = Background.m; sourceTree = "<group>"; };
		E561D179224961B900D53055 /* Wall.m */ = {isa = PBXFileReference; lastKnownFileType = sourcecode.c.objc; path = Wall.m; sourceTree = "<group>"; };
		E561D17B2249626300D53055 /* Wall.h */ = {isa = PBXFileReference; lastKnownFileType = sourcecode.c.h; path = Wall.h; sourceTree = "<group>"; };
		E561D17E22496C5600D53055 /* Player.h */ = {isa = PBXFileReference; lastKnownFileType = sourcecode.c.h; path = Player.h; sourceTree = "<group>"; };
		E561D17F22496C6300D53055 /* Player.m */ = {isa = PBXFileReference; lastKnownFileType = sourcecode.c.objc; path = Player.m; sourceTree = "<group>"; };
		E561D181224977F300D53055 /* PlayerControls.h */ = {isa = PBXFileReference; lastKnownFileType = sourcecode.c.h; path = PlayerControls.h; sourceTree = "<group>"; };
		E561D182224977FD00D53055 /* PlayerControls.m */ = {isa = PBXFileReference; lastKnownFileType = sourcecode.c.objc; path = PlayerControls.m; sourceTree = "<group>"; };
		E5AC439C220B2D3400A800CE /* Billy Baller's Brawlers.app */ = {isa = PBXFileReference; explicitFileType = wrapper.application; includeInIndex = 0; path = "Billy Baller's Brawlers.app"; sourceTree = BUILT_PRODUCTS_DIR; };
		E5AC439F220B2D3400A800CE /* AppDelegate.h */ = {isa = PBXFileReference; lastKnownFileType = sourcecode.c.h; path = AppDelegate.h; sourceTree = "<group>"; };
		E5AC43A0220B2D3400A800CE /* AppDelegate.m */ = {isa = PBXFileReference; lastKnownFileType = sourcecode.c.objc; path = AppDelegate.m; sourceTree = "<group>"; };
		E5AC43A2220B2D3400A800CE /* GameScene.sks */ = {isa = PBXFileReference; lastKnownFileType = file.sks; path = GameScene.sks; sourceTree = "<group>"; };
		E5AC43A4220B2D3400A800CE /* Actions.sks */ = {isa = PBXFileReference; lastKnownFileType = file.sks; path = Actions.sks; sourceTree = "<group>"; };
		E5AC43A6220B2D3400A800CE /* GameScene.h */ = {isa = PBXFileReference; lastKnownFileType = sourcecode.c.h; path = GameScene.h; sourceTree = "<group>"; };
		E5AC43A7220B2D3400A800CE /* GameScene.m */ = {isa = PBXFileReference; lastKnownFileType = sourcecode.c.objc; path = GameScene.m; sourceTree = "<group>"; };
		E5AC43A9220B2D3400A800CE /* GameViewController.h */ = {isa = PBXFileReference; lastKnownFileType = sourcecode.c.h; path = GameViewController.h; sourceTree = "<group>"; };
		E5AC43AA220B2D3400A800CE /* GameViewController.m */ = {isa = PBXFileReference; lastKnownFileType = sourcecode.c.objc; path = GameViewController.m; sourceTree = "<group>"; };
		E5AC43AD220B2D3400A800CE /* Base */ = {isa = PBXFileReference; lastKnownFileType = file.storyboard; name = Base; path = Base.lproj/Main.storyboard; sourceTree = "<group>"; };
		E5AC43AF220B2D3400A800CE /* Assets.xcassets */ = {isa = PBXFileReference; lastKnownFileType = folder.assetcatalog; path = Assets.xcassets; sourceTree = "<group>"; };
		E5AC43B2220B2D3400A800CE /* Base */ = {isa = PBXFileReference; lastKnownFileType = file.storyboard; name = Base; path = Base.lproj/LaunchScreen.storyboard; sourceTree = "<group>"; };
		E5AC43B4220B2D3400A800CE /* Info.plist */ = {isa = PBXFileReference; lastKnownFileType = text.plist.xml; path = Info.plist; sourceTree = "<group>"; };
		E5AC43B5220B2D3400A800CE /* main.m */ = {isa = PBXFileReference; lastKnownFileType = sourcecode.c.objc; path = main.m; sourceTree = "<group>"; };
		E5AC43BB220B2D3500A800CE /* Billy Baller's BrawlersTests.xctest */ = {isa = PBXFileReference; explicitFileType = wrapper.cfbundle; includeInIndex = 0; path = "Billy Baller's BrawlersTests.xctest"; sourceTree = BUILT_PRODUCTS_DIR; };
		E5AC43BF220B2D3500A800CE /* Billy_Baller_s_BrawlersTests.m */ = {isa = PBXFileReference; lastKnownFileType = sourcecode.c.objc; path = Billy_Baller_s_BrawlersTests.m; sourceTree = "<group>"; };
		E5AC43C1220B2D3500A800CE /* Info.plist */ = {isa = PBXFileReference; lastKnownFileType = text.plist.xml; path = Info.plist; sourceTree = "<group>"; };
		E5AC43C6220B2D3500A800CE /* Billy Baller's BrawlersUITests.xctest */ = {isa = PBXFileReference; explicitFileType = wrapper.cfbundle; includeInIndex = 0; path = "Billy Baller's BrawlersUITests.xctest"; sourceTree = BUILT_PRODUCTS_DIR; };
		E5AC43CA220B2D3500A800CE /* Billy_Baller_s_BrawlersUITests.m */ = {isa = PBXFileReference; lastKnownFileType = sourcecode.c.objc; path = Billy_Baller_s_BrawlersUITests.m; sourceTree = "<group>"; };
		E5AC43CC220B2D3500A800CE /* Info.plist */ = {isa = PBXFileReference; lastKnownFileType = text.plist.xml; path = Info.plist; sourceTree = "<group>"; };
		E5F26A052253314A00CFE53C /* GameServicer.h */ = {isa = PBXFileReference; lastKnownFileType = sourcecode.c.h; path = GameServicer.h; sourceTree = "<group>"; };
		E5F26A062253317100CFE53C /* GameServicer.m */ = {isa = PBXFileReference; lastKnownFileType = sourcecode.c.objc; path = GameServicer.m; sourceTree = "<group>"; };
		E5F9214D224B068200667955 /* Bullet.h */ = {isa = PBXFileReference; lastKnownFileType = sourcecode.c.h; path = Bullet.h; sourceTree = "<group>"; };
		E5F9214E224B087900667955 /* Direction.h */ = {isa = PBXFileReference; lastKnownFileType = sourcecode.c.h; path = Direction.h; sourceTree = "<group>"; };
		E5F9214F224B0A1E00667955 /* Bullet.m */ = {isa = PBXFileReference; lastKnownFileType = sourcecode.c.objc; path = Bullet.m; sourceTree = "<group>"; };
		E5F92151224B1B8900667955 /* Grenade.h */ = {isa = PBXFileReference; lastKnownFileType = sourcecode.c.h; path = Grenade.h; sourceTree = "<group>"; };
		E5F92152224B1B9400667955 /* Grenade.m */ = {isa = PBXFileReference; lastKnownFileType = sourcecode.c.objc; path = Grenade.m; sourceTree = "<group>"; };
/* End PBXFileReference section */

/* Begin PBXFrameworksBuildPhase section */
		E5AC4399220B2D3400A800CE /* Frameworks */ = {
			isa = PBXFrameworksBuildPhase;
			buildActionMask = 2147483647;
			files = (
			);
			runOnlyForDeploymentPostprocessing = 0;
		};
		E5AC43B8220B2D3500A800CE /* Frameworks */ = {
			isa = PBXFrameworksBuildPhase;
			buildActionMask = 2147483647;
			files = (
			);
			runOnlyForDeploymentPostprocessing = 0;
		};
		E5AC43C3220B2D3500A800CE /* Frameworks */ = {
			isa = PBXFrameworksBuildPhase;
			buildActionMask = 2147483647;
			files = (
			);
			runOnlyForDeploymentPostprocessing = 0;
		};
/* End PBXFrameworksBuildPhase section */

/* Begin PBXGroup section */
		E52B74F2224EBA5F00630F75 /* Physics */ = {
			isa = PBXGroup;
			children = (
				E52B74F1224EB7C500630F75 /* CategoryDefinitions.h */,
			);
			path = Physics;
			sourceTree = "<group>";
		};
		E561D17C22496A7E00D53055 /* Background */ = {
			isa = PBXGroup;
			children = (
				E561D17622495B9C00D53055 /* Background.h */,
				E561D17722495BA700D53055 /* Background.m */,
				E561D17B2249626300D53055 /* Wall.h */,
				E561D179224961B900D53055 /* Wall.m */,
				E5F9214E224B087900667955 /* Direction.h */,
			);
			path = Background;
			sourceTree = "<group>";
		};
		E561D17D22496B4D00D53055 /* Player */ = {
			isa = PBXGroup;
			children = (
				E5F9214C224B066A00667955 /* Billy */,
				E561D17E22496C5600D53055 /* Player.h */,
				E561D17F22496C6300D53055 /* Player.m */,
				E50ABFBA224C358300F12911 /* HealthBar.h */,
				E50ABFBB224C35F600F12911 /* HealthBar.m */,
				E561D181224977F300D53055 /* PlayerControls.h */,
				E561D182224977FD00D53055 /* PlayerControls.m */,
			);
			path = Player;
			sourceTree = "<group>";
		};
		E5AC4393220B2D3400A800CE = {
			isa = PBXGroup;
			children = (
				E5AC439E220B2D3400A800CE /* Billy Baller's Brawlers */,
				E5AC43BE220B2D3500A800CE /* Billy Baller's BrawlersTests */,
				E5AC43C9220B2D3500A800CE /* Billy Baller's BrawlersUITests */,
				E5AC439D220B2D3400A800CE /* Products */,
			);
			sourceTree = "<group>";
		};
		E5AC439D220B2D3400A800CE /* Products */ = {
			isa = PBXGroup;
			children = (
				E5AC439C220B2D3400A800CE /* Billy Baller's Brawlers.app */,
				E5AC43BB220B2D3500A800CE /* Billy Baller's BrawlersTests.xctest */,
				E5AC43C6220B2D3500A800CE /* Billy Baller's BrawlersUITests.xctest */,
			);
			name = Products;
			sourceTree = "<group>";
		};
		E5AC439E220B2D3400A800CE /* Billy Baller's Brawlers */ = {
			isa = PBXGroup;
			children = (
				E5AC439F220B2D3400A800CE /* AppDelegate.h */,
				E5AC43A0220B2D3400A800CE /* AppDelegate.m */,
				E5AC43A2220B2D3400A800CE /* GameScene.sks */,
				E5AC43A4220B2D3400A800CE /* Actions.sks */,
				E52B74F2224EBA5F00630F75 /* Physics */,
				E561D17C22496A7E00D53055 /* Background */,
				E561D17D22496B4D00D53055 /* Player */,
				E5F26A012253302F00CFE53C /* Networking */,
				E5AC43A6220B2D3400A800CE /* GameScene.h */,
				E5AC43A7220B2D3400A800CE /* GameScene.m */,
				E5AC43A9220B2D3400A800CE /* GameViewController.h */,
				E5AC43AA220B2D3400A800CE /* GameViewController.m */,
				E5AC43AC220B2D3400A800CE /* Main.storyboard */,
				E5AC43AF220B2D3400A800CE /* Assets.xcassets */,
				E5AC43B1220B2D3400A800CE /* LaunchScreen.storyboard */,
				E5AC43B4220B2D3400A800CE /* Info.plist */,
				E5AC43B5220B2D3400A800CE /* main.m */,
			);
			path = "Billy Baller's Brawlers";
			sourceTree = "<group>";
		};
		E5AC43BE220B2D3500A800CE /* Billy Baller's BrawlersTests */ = {
			isa = PBXGroup;
			children = (
				E5AC43BF220B2D3500A800CE /* Billy_Baller_s_BrawlersTests.m */,
				E5AC43C1220B2D3500A800CE /* Info.plist */,
			);
			path = "Billy Baller's BrawlersTests";
			sourceTree = "<group>";
		};
		E5AC43C9220B2D3500A800CE /* Billy Baller's BrawlersUITests */ = {
			isa = PBXGroup;
			children = (
				E5AC43CA220B2D3500A800CE /* Billy_Baller_s_BrawlersUITests.m */,
				E5AC43CC220B2D3500A800CE /* Info.plist */,
			);
			path = "Billy Baller's BrawlersUITests";
			sourceTree = "<group>";
		};
		E5F26A012253302F00CFE53C /* Networking */ = {
			isa = PBXGroup;
			children = (
				E5F26A052253314A00CFE53C /* GameServicer.h */,
				E5F26A062253317100CFE53C /* GameServicer.m */,
			);
			path = Networking;
			sourceTree = "<group>";
		};
		E5F9214C224B066A00667955 /* Billy */ = {
			isa = PBXGroup;
			children = (
				E5F9214D224B068200667955 /* Bullet.h */,
				E5F9214F224B0A1E00667955 /* Bullet.m */,
				E5F92151224B1B8900667955 /* Grenade.h */,
				E5F92152224B1B9400667955 /* Grenade.m */,
				E50ABFB7224C048900F12911 /* Explosion.h */,
				E50ABFB8224C050900F12911 /* Explosion.m */,
			);
			path = Billy;
			sourceTree = "<group>";
		};
/* End PBXGroup section */

/* Begin PBXNativeTarget section */
		E5AC439B220B2D3400A800CE /* Billy Baller's Brawlers */ = {
			isa = PBXNativeTarget;
			buildConfigurationList = E5AC43CF220B2D3500A800CE /* Build configuration list for PBXNativeTarget "Billy Baller's Brawlers" */;
			buildPhases = (
				E5AC4398220B2D3400A800CE /* Sources */,
				E5AC4399220B2D3400A800CE /* Frameworks */,
				E5AC439A220B2D3400A800CE /* Resources */,
			);
			buildRules = (
			);
			dependencies = (
			);
			name = "Billy Baller's Brawlers";
			productName = "Billy Baller's Brawlers";
			productReference = E5AC439C220B2D3400A800CE /* Billy Baller's Brawlers.app */;
			productType = "com.apple.product-type.application";
		};
		E5AC43BA220B2D3500A800CE /* Billy Baller's BrawlersTests */ = {
			isa = PBXNativeTarget;
			buildConfigurationList = E5AC43D2220B2D3500A800CE /* Build configuration list for PBXNativeTarget "Billy Baller's BrawlersTests" */;
			buildPhases = (
				E5AC43B7220B2D3500A800CE /* Sources */,
				E5AC43B8220B2D3500A800CE /* Frameworks */,
				E5AC43B9220B2D3500A800CE /* Resources */,
			);
			buildRules = (
			);
			dependencies = (
				E5AC43BD220B2D3500A800CE /* PBXTargetDependency */,
			);
			name = "Billy Baller's BrawlersTests";
			productName = "Billy Baller's BrawlersTests";
			productReference = E5AC43BB220B2D3500A800CE /* Billy Baller's BrawlersTests.xctest */;
			productType = "com.apple.product-type.bundle.unit-test";
		};
		E5AC43C5220B2D3500A800CE /* Billy Baller's BrawlersUITests */ = {
			isa = PBXNativeTarget;
			buildConfigurationList = E5AC43D5220B2D3500A800CE /* Build configuration list for PBXNativeTarget "Billy Baller's BrawlersUITests" */;
			buildPhases = (
				E5AC43C2220B2D3500A800CE /* Sources */,
				E5AC43C3220B2D3500A800CE /* Frameworks */,
				E5AC43C4220B2D3500A800CE /* Resources */,
			);
			buildRules = (
			);
			dependencies = (
				E5AC43C8220B2D3500A800CE /* PBXTargetDependency */,
			);
			name = "Billy Baller's BrawlersUITests";
			productName = "Billy Baller's BrawlersUITests";
			productReference = E5AC43C6220B2D3500A800CE /* Billy Baller's BrawlersUITests.xctest */;
			productType = "com.apple.product-type.bundle.ui-testing";
		};
/* End PBXNativeTarget section */

/* Begin PBXProject section */
		E5AC4394220B2D3400A800CE /* Project object */ = {
			isa = PBXProject;
			attributes = {
				LastUpgradeCheck = 0920;
				ORGANIZATIONNAME = "Nick Abate";
				TargetAttributes = {
					E5AC439B220B2D3400A800CE = {
						CreatedOnToolsVersion = 9.2;
						ProvisioningStyle = Automatic;
					};
					E5AC43BA220B2D3500A800CE = {
						CreatedOnToolsVersion = 9.2;
						ProvisioningStyle = Automatic;
						TestTargetID = E5AC439B220B2D3400A800CE;
					};
					E5AC43C5220B2D3500A800CE = {
						CreatedOnToolsVersion = 9.2;
						ProvisioningStyle = Automatic;
						TestTargetID = E5AC439B220B2D3400A800CE;
					};
				};
			};
			buildConfigurationList = E5AC4397220B2D3400A800CE /* Build configuration list for PBXProject "Billy Baller's Brawlers" */;
			compatibilityVersion = "Xcode 8.0";
			developmentRegion = en;
			hasScannedForEncodings = 0;
			knownRegions = (
				en,
				Base,
			);
			mainGroup = E5AC4393220B2D3400A800CE;
			productRefGroup = E5AC439D220B2D3400A800CE /* Products */;
			projectDirPath = "";
			projectRoot = "";
			targets = (
				E5AC439B220B2D3400A800CE /* Billy Baller's Brawlers */,
				E5AC43BA220B2D3500A800CE /* Billy Baller's BrawlersTests */,
				E5AC43C5220B2D3500A800CE /* Billy Baller's BrawlersUITests */,
			);
		};
/* End PBXProject section */

/* Begin PBXResourcesBuildPhase section */
		E5AC439A220B2D3400A800CE /* Resources */ = {
			isa = PBXResourcesBuildPhase;
			buildActionMask = 2147483647;
			files = (
				E5AC43AE220B2D3400A800CE /* Main.storyboard in Resources */,
				E5AC43A3220B2D3400A800CE /* GameScene.sks in Resources */,
				E5AC43B0220B2D3400A800CE /* Assets.xcassets in Resources */,
				E5AC43B3220B2D3400A800CE /* LaunchScreen.storyboard in Resources */,
				E5AC43A5220B2D3400A800CE /* Actions.sks in Resources */,
			);
			runOnlyForDeploymentPostprocessing = 0;
		};
		E5AC43B9220B2D3500A800CE /* Resources */ = {
			isa = PBXResourcesBuildPhase;
			buildActionMask = 2147483647;
			files = (
			);
			runOnlyForDeploymentPostprocessing = 0;
		};
		E5AC43C4220B2D3500A800CE /* Resources */ = {
			isa = PBXResourcesBuildPhase;
			buildActionMask = 2147483647;
			files = (
			);
			runOnlyForDeploymentPostprocessing = 0;
		};
/* End PBXResourcesBuildPhase section */

/* Begin PBXSourcesBuildPhase section */
		E5AC4398220B2D3400A800CE /* Sources */ = {
			isa = PBXSourcesBuildPhase;
			buildActionMask = 2147483647;
			files = (
				E5AC43A8220B2D3400A800CE /* GameScene.m in Sources */,
				E5AC43AB220B2D3400A800CE /* GameViewController.m in Sources */,
				E5AC43B6220B2D3400A800CE /* main.m in Sources */,
				E561D17822495BA700D53055 /* Background.m in Sources */,
				E50ABFB9224C050900F12911 /* Explosion.m in Sources */,
				E561D183224977FD00D53055 /* PlayerControls.m in Sources */,
				E5F26A072253317100CFE53C /* GameServicer.m in Sources */,
				E5F92150224B0A1E00667955 /* Bullet.m in Sources */,
				E5AC43A1220B2D3400A800CE /* AppDelegate.m in Sources */,
				E561D18022496C6300D53055 /* Player.m in Sources */,
				E50ABFBC224C35F600F12911 /* HealthBar.m in Sources */,
				E5F92153224B1B9400667955 /* Grenade.m in Sources */,
				E561D17A224961B900D53055 /* Wall.m in Sources */,
			);
			runOnlyForDeploymentPostprocessing = 0;
		};
		E5AC43B7220B2D3500A800CE /* Sources */ = {
			isa = PBXSourcesBuildPhase;
			buildActionMask = 2147483647;
			files = (
				E5AC43C0220B2D3500A800CE /* Billy_Baller_s_BrawlersTests.m in Sources */,
			);
			runOnlyForDeploymentPostprocessing = 0;
		};
		E5AC43C2220B2D3500A800CE /* Sources */ = {
			isa = PBXSourcesBuildPhase;
			buildActionMask = 2147483647;
			files = (
				E5AC43CB220B2D3500A800CE /* Billy_Baller_s_BrawlersUITests.m in Sources */,
			);
			runOnlyForDeploymentPostprocessing = 0;
		};
/* End PBXSourcesBuildPhase section */

/* Begin PBXTargetDependency section */
		E5AC43BD220B2D3500A800CE /* PBXTargetDependency */ = {
			isa = PBXTargetDependency;
			target = E5AC439B220B2D3400A800CE /* Billy Baller's Brawlers */;
			targetProxy = E5AC43BC220B2D3500A800CE /* PBXContainerItemProxy */;
		};
		E5AC43C8220B2D3500A800CE /* PBXTargetDependency */ = {
			isa = PBXTargetDependency;
			target = E5AC439B220B2D3400A800CE /* Billy Baller's Brawlers */;
			targetProxy = E5AC43C7220B2D3500A800CE /* PBXContainerItemProxy */;
		};
/* End PBXTargetDependency section */

/* Begin PBXVariantGroup section */
		E5AC43AC220B2D3400A800CE /* Main.storyboard */ = {
			isa = PBXVariantGroup;
			children = (
				E5AC43AD220B2D3400A800CE /* Base */,
			);
			name = Main.storyboard;
			sourceTree = "<group>";
		};
		E5AC43B1220B2D3400A800CE /* LaunchScreen.storyboard */ = {
			isa = PBXVariantGroup;
			children = (
				E5AC43B2220B2D3400A800CE /* Base */,
			);
			name = LaunchScreen.storyboard;
			sourceTree = "<group>";
		};
/* End PBXVariantGroup section */

/* Begin XCBuildConfiguration section */
		E5AC43CD220B2D3500A800CE /* Debug */ = {
			isa = XCBuildConfiguration;
			buildSettings = {
				ALWAYS_SEARCH_USER_PATHS = NO;
				CLANG_ANALYZER_NONNULL = YES;
				CLANG_ANALYZER_NUMBER_OBJECT_CONVERSION = YES_AGGRESSIVE;
				CLANG_CXX_LANGUAGE_STANDARD = "gnu++14";
				CLANG_CXX_LIBRARY = "libc++";
				CLANG_ENABLE_MODULES = YES;
				CLANG_ENABLE_OBJC_ARC = YES;
				CLANG_WARN_BLOCK_CAPTURE_AUTORELEASING = YES;
				CLANG_WARN_BOOL_CONVERSION = YES;
				CLANG_WARN_COMMA = YES;
				CLANG_WARN_CONSTANT_CONVERSION = YES;
				CLANG_WARN_DIRECT_OBJC_ISA_USAGE = YES_ERROR;
				CLANG_WARN_DOCUMENTATION_COMMENTS = YES;
				CLANG_WARN_EMPTY_BODY = YES;
				CLANG_WARN_ENUM_CONVERSION = YES;
				CLANG_WARN_INFINITE_RECURSION = YES;
				CLANG_WARN_INT_CONVERSION = YES;
				CLANG_WARN_NON_LITERAL_NULL_CONVERSION = YES;
				CLANG_WARN_OBJC_LITERAL_CONVERSION = YES;
				CLANG_WARN_OBJC_ROOT_CLASS = YES_ERROR;
				CLANG_WARN_RANGE_LOOP_ANALYSIS = YES;
				CLANG_WARN_STRICT_PROTOTYPES = YES;
				CLANG_WARN_SUSPICIOUS_MOVE = YES;
				CLANG_WARN_UNGUARDED_AVAILABILITY = YES_AGGRESSIVE;
				CLANG_WARN_UNREACHABLE_CODE = YES;
				CLANG_WARN__DUPLICATE_METHOD_MATCH = YES;
				CODE_SIGN_IDENTITY = "iPhone Developer";
				COPY_PHASE_STRIP = NO;
				DEBUG_INFORMATION_FORMAT = dwarf;
				ENABLE_STRICT_OBJC_MSGSEND = YES;
				ENABLE_TESTABILITY = YES;
				GCC_C_LANGUAGE_STANDARD = gnu11;
				GCC_DYNAMIC_NO_PIC = NO;
				GCC_NO_COMMON_BLOCKS = YES;
				GCC_OPTIMIZATION_LEVEL = 0;
				GCC_PREPROCESSOR_DEFINITIONS = (
					"DEBUG=1",
					"$(inherited)",
				);
				GCC_WARN_64_TO_32_BIT_CONVERSION = YES;
				GCC_WARN_ABOUT_RETURN_TYPE = YES_ERROR;
				GCC_WARN_UNDECLARED_SELECTOR = YES;
				GCC_WARN_UNINITIALIZED_AUTOS = YES_AGGRESSIVE;
				GCC_WARN_UNUSED_FUNCTION = YES;
				GCC_WARN_UNUSED_VARIABLE = YES;
				IPHONEOS_DEPLOYMENT_TARGET = 11.2;
				MTL_ENABLE_DEBUG_INFO = YES;
				ONLY_ACTIVE_ARCH = YES;
				SDKROOT = iphoneos;
			};
			name = Debug;
		};
		E5AC43CE220B2D3500A800CE /* Release */ = {
			isa = XCBuildConfiguration;
			buildSettings = {
				ALWAYS_SEARCH_USER_PATHS = NO;
				CLANG_ANALYZER_NONNULL = YES;
				CLANG_ANALYZER_NUMBER_OBJECT_CONVERSION = YES_AGGRESSIVE;
				CLANG_CXX_LANGUAGE_STANDARD = "gnu++14";
				CLANG_CXX_LIBRARY = "libc++";
				CLANG_ENABLE_MODULES = YES;
				CLANG_ENABLE_OBJC_ARC = YES;
				CLANG_WARN_BLOCK_CAPTURE_AUTORELEASING = YES;
				CLANG_WARN_BOOL_CONVERSION = YES;
				CLANG_WARN_COMMA = YES;
				CLANG_WARN_CONSTANT_CONVERSION = YES;
				CLANG_WARN_DIRECT_OBJC_ISA_USAGE = YES_ERROR;
				CLANG_WARN_DOCUMENTATION_COMMENTS = YES;
				CLANG_WARN_EMPTY_BODY = YES;
				CLANG_WARN_ENUM_CONVERSION = YES;
				CLANG_WARN_INFINITE_RECURSION = YES;
				CLANG_WARN_INT_CONVERSION = YES;
				CLANG_WARN_NON_LITERAL_NULL_CONVERSION = YES;
				CLANG_WARN_OBJC_LITERAL_CONVERSION = YES;
				CLANG_WARN_OBJC_ROOT_CLASS = YES_ERROR;
				CLANG_WARN_RANGE_LOOP_ANALYSIS = YES;
				CLANG_WARN_STRICT_PROTOTYPES = YES;
				CLANG_WARN_SUSPICIOUS_MOVE = YES;
				CLANG_WARN_UNGUARDED_AVAILABILITY = YES_AGGRESSIVE;
				CLANG_WARN_UNREACHABLE_CODE = YES;
				CLANG_WARN__DUPLICATE_METHOD_MATCH = YES;
				CODE_SIGN_IDENTITY = "iPhone Developer";
				COPY_PHASE_STRIP = NO;
				DEBUG_INFORMATION_FORMAT = "dwarf-with-dsym";
				ENABLE_NS_ASSERTIONS = NO;
				ENABLE_STRICT_OBJC_MSGSEND = YES;
				GCC_C_LANGUAGE_STANDARD = gnu11;
				GCC_NO_COMMON_BLOCKS = YES;
				GCC_WARN_64_TO_32_BIT_CONVERSION = YES;
				GCC_WARN_ABOUT_RETURN_TYPE = YES_ERROR;
				GCC_WARN_UNDECLARED_SELECTOR = YES;
				GCC_WARN_UNINITIALIZED_AUTOS = YES_AGGRESSIVE;
				GCC_WARN_UNUSED_FUNCTION = YES;
				GCC_WARN_UNUSED_VARIABLE = YES;
				IPHONEOS_DEPLOYMENT_TARGET = 11.2;
				MTL_ENABLE_DEBUG_INFO = NO;
				SDKROOT = iphoneos;
				VALIDATE_PRODUCT = YES;
			};
			name = Release;
		};
		E5AC43D0220B2D3500A800CE /* Debug */ = {
			isa = XCBuildConfiguration;
			buildSettings = {
				ASSETCATALOG_COMPILER_APPICON_NAME = AppIcon;
				CODE_SIGN_STYLE = Automatic;
				DEVELOPMENT_TEAM = WVQ2WQTC9M;
				INFOPLIST_FILE = "Billy Baller's Brawlers/Info.plist";
				LD_RUNPATH_SEARCH_PATHS = "$(inherited) @executable_path/Frameworks";
				PRODUCT_BUNDLE_IDENTIFIER = "Devoto.Billy-Baller-s-Brawlers";
				PRODUCT_NAME = "$(TARGET_NAME)";
				TARGETED_DEVICE_FAMILY = "1,2";
			};
			name = Debug;
		};
		E5AC43D1220B2D3500A800CE /* Release */ = {
			isa = XCBuildConfiguration;
			buildSettings = {
				ASSETCATALOG_COMPILER_APPICON_NAME = AppIcon;
				CODE_SIGN_STYLE = Automatic;
				DEVELOPMENT_TEAM = WVQ2WQTC9M;
				INFOPLIST_FILE = "Billy Baller's Brawlers/Info.plist";
				LD_RUNPATH_SEARCH_PATHS = "$(inherited) @executable_path/Frameworks";
				PRODUCT_BUNDLE_IDENTIFIER = "Devoto.Billy-Baller-s-Brawlers";
				PRODUCT_NAME = "$(TARGET_NAME)";
				TARGETED_DEVICE_FAMILY = "1,2";
			};
			name = Release;
		};
		E5AC43D3220B2D3500A800CE /* Debug */ = {
			isa = XCBuildConfiguration;
			buildSettings = {
				BUNDLE_LOADER = "$(TEST_HOST)";
				CODE_SIGN_STYLE = Automatic;
				DEVELOPMENT_TEAM = WVQ2WQTC9M;
				INFOPLIST_FILE = "Billy Baller's BrawlersTests/Info.plist";
				LD_RUNPATH_SEARCH_PATHS = "$(inherited) @executable_path/Frameworks @loader_path/Frameworks";
				PRODUCT_BUNDLE_IDENTIFIER = "Devoto.Billy-Baller-s-BrawlersTests";
				PRODUCT_NAME = "$(TARGET_NAME)";
				TARGETED_DEVICE_FAMILY = "1,2";
				TEST_HOST = "$(BUILT_PRODUCTS_DIR)/Billy Baller's Brawlers.app/Billy Baller's Brawlers";
			};
			name = Debug;
		};
		E5AC43D4220B2D3500A800CE /* Release */ = {
			isa = XCBuildConfiguration;
			buildSettings = {
				BUNDLE_LOADER = "$(TEST_HOST)";
				CODE_SIGN_STYLE = Automatic;
				DEVELOPMENT_TEAM = WVQ2WQTC9M;
				INFOPLIST_FILE = "Billy Baller's BrawlersTests/Info.plist";
				LD_RUNPATH_SEARCH_PATHS = "$(inherited) @executable_path/Frameworks @loader_path/Frameworks";
				PRODUCT_BUNDLE_IDENTIFIER = "Devoto.Billy-Baller-s-BrawlersTests";
				PRODUCT_NAME = "$(TARGET_NAME)";
				TARGETED_DEVICE_FAMILY = "1,2";
				TEST_HOST = "$(BUILT_PRODUCTS_DIR)/Billy Baller's Brawlers.app/Billy Baller's Brawlers";
			};
			name = Release;
		};
		E5AC43D6220B2D3500A800CE /* Debug */ = {
			isa = XCBuildConfiguration;
			buildSettings = {
				CODE_SIGN_STYLE = Automatic;
				DEVELOPMENT_TEAM = WVQ2WQTC9M;
				INFOPLIST_FILE = "Billy Baller's BrawlersUITests/Info.plist";
				LD_RUNPATH_SEARCH_PATHS = "$(inherited) @executable_path/Frameworks @loader_path/Frameworks";
				PRODUCT_BUNDLE_IDENTIFIER = "Devoto.Billy-Baller-s-BrawlersUITests";
				PRODUCT_NAME = "$(TARGET_NAME)";
				TARGETED_DEVICE_FAMILY = "1,2";
				TEST_TARGET_NAME = "Billy Baller's Brawlers";
			};
			name = Debug;
		};
		E5AC43D7220B2D3500A800CE /* Release */ = {
			isa = XCBuildConfiguration;
			buildSettings = {
				CODE_SIGN_STYLE = Automatic;
				DEVELOPMENT_TEAM = WVQ2WQTC9M;
				INFOPLIST_FILE = "Billy Baller's BrawlersUITests/Info.plist";
				LD_RUNPATH_SEARCH_PATHS = "$(inherited) @executable_path/Frameworks @loader_path/Frameworks";
				PRODUCT_BUNDLE_IDENTIFIER = "Devoto.Billy-Baller-s-BrawlersUITests";
				PRODUCT_NAME = "$(TARGET_NAME)";
				TARGETED_DEVICE_FAMILY = "1,2";
				TEST_TARGET_NAME = "Billy Baller's Brawlers";
			};
			name = Release;
		};
/* End XCBuildConfiguration section */

/* Begin XCConfigurationList section */
		E5AC4397220B2D3400A800CE /* Build configuration list for PBXProject "Billy Baller's Brawlers" */ = {
			isa = XCConfigurationList;
			buildConfigurations = (
				E5AC43CD220B2D3500A800CE /* Debug */,
				E5AC43CE220B2D3500A800CE /* Release */,
			);
			defaultConfigurationIsVisible = 0;
			defaultConfigurationName = Release;
		};
		E5AC43CF220B2D3500A800CE /* Build configuration list for PBXNativeTarget "Billy Baller's Brawlers" */ = {
			isa = XCConfigurationList;
			buildConfigurations = (
				E5AC43D0220B2D3500A800CE /* Debug */,
				E5AC43D1220B2D3500A800CE /* Release */,
			);
			defaultConfigurationIsVisible = 0;
			defaultConfigurationName = Release;
		};
		E5AC43D2220B2D3500A800CE /* Build configuration list for PBXNativeTarget "Billy Baller's BrawlersTests" */ = {
			isa = XCConfigurationList;
			buildConfigurations = (
				E5AC43D3220B2D3500A800CE /* Debug */,
				E5AC43D4220B2D3500A800CE /* Release */,
			);
			defaultConfigurationIsVisible = 0;
			defaultConfigurationName = Release;
		};
		E5AC43D5220B2D3500A800CE /* Build configuration list for PBXNativeTarget "Billy Baller's BrawlersUITests" */ = {
			isa = XCConfigurationList;
			buildConfigurations = (
				E5AC43D6220B2D3500A800CE /* Debug */,
				E5AC43D7220B2D3500A800CE /* Release */,
			);
			defaultConfigurationIsVisible = 0;
			defaultConfigurationName = Release;
		};
/* End XCConfigurationList section */
	};
	rootObject = E5AC4394220B2D3400A800CE /* Project object */;
}
